{
  "name": "Blog_2",
  "lockfileVersion": 3,
  "requires": true,
  "packages": {
    "": {
      "dependencies": {
        "@100xdevs/medium-common": "^1.0.0"
      }
    },
    "node_modules/@100xdevs/medium-common": {
      "version": "1.0.0",
      "resolved": "https://registry.npmjs.org/@100xdevs/medium-common/-/medium-common-1.0.0.tgz",
      "integrity": "sha512-HTK33afs+NxNIhnswObs/b5e2WMR+cmZis+r1U2ejsUiBHZDa/+rqhbVA/HlUpIp80J7Dt8rNP3SOO7d/U5OTA==",
      "license": "ISC",
      "dependencies": {
        "zod": "^3.22.4"
      }
    },
    "node_modules/zod": {
      "version": "3.24.1",
      "resolved": "https://registry.npmjs.org/zod/-/zod-3.24.1.tgz",
      "integrity": "sha512-muH7gBL9sI1nciMZV67X5fTKKBLtwpZ5VBp1vsOQzj1MhrBZ4wlVCm3gedKZWLp0Oyel8sIGfeiz54Su+OVT+A==",
      "license": "MIT",
      "funding": {
        "url": "https://github.com/sponsors/colinhacks"
      }
    }
  }
}
